// !$*UTF8*$!
{
	archiveVersion = 1;
	classes = {
	};
	objectVersion = 55;
	objects = {

/* Begin PBXBuildFile section */
		9C368CB8275011C4009439E6 /* ArticleCell.swift in Sources */ = {isa = PBXBuildFile; fileRef = 9C368CB7275011C4009439E6 /* ArticleCell.swift */; };
		9C368CBB27539DE6009439E6 /* Article.swift in Sources */ = {isa = PBXBuildFile; fileRef = 9C368CBA27539DE6009439E6 /* Article.swift */; };
		9C368CBE27539EAA009439E6 /* NetworkManager.swift in Sources */ = {isa = PBXBuildFile; fileRef = 9C368CBD27539EAA009439E6 /* NetworkManager.swift */; };
		9C368CC0275403E7009439E6 /* ArticleImageView.swift in Sources */ = {isa = PBXBuildFile; fileRef = 9C368CBF275403E7009439E6 /* ArticleImageView.swift */; };
		9CA0EF7A274EA80500BE305E /* AppDelegate.swift in Sources */ = {isa = PBXBuildFile; fileRef = 9CA0EF79274EA80500BE305E /* AppDelegate.swift */; };
		9CA0EF7C274EA80500BE305E /* SceneDelegate.swift in Sources */ = {isa = PBXBuildFile; fileRef = 9CA0EF7B274EA80500BE305E /* SceneDelegate.swift */; };
		9CA0EF7E274EA80500BE305E /* MainViewController.swift in Sources */ = {isa = PBXBuildFile; fileRef = 9CA0EF7D274EA80500BE305E /* MainViewController.swift */; };
		9CA0EF83274EA80700BE305E /* Assets.xcassets in Resources */ = {isa = PBXBuildFile; fileRef = 9CA0EF82274EA80700BE305E /* Assets.xcassets */; };
		9CA0EF86274EA80700BE305E /* LaunchScreen.storyboard in Resources */ = {isa = PBXBuildFile; fileRef = 9CA0EF84274EA80700BE305E /* LaunchScreen.storyboard */; };
/* End PBXBuildFile section */

/* Begin PBXFileReference section */
		9C368CB7275011C4009439E6 /* ArticleCell.swift */ = {isa = PBXFileReference; lastKnownFileType = sourcecode.swift; path = ArticleCell.swift; sourceTree = "<group>"; };
		9C368CBA27539DE6009439E6 /* Article.swift */ = {isa = PBXFileReference; lastKnownFileType = sourcecode.swift; path = Article.swift; sourceTree = "<group>"; };
		9C368CBD27539EAA009439E6 /* NetworkManager.swift */ = {isa = PBXFileReference; lastKnownFileType = sourcecode.swift; path = NetworkManager.swift; sourceTree = "<group>"; };
		9C368CBF275403E7009439E6 /* ArticleImageView.swift */ = {isa = PBXFileReference; lastKnownFileType = sourcecode.swift; path = ArticleImageView.swift; sourceTree = "<group>"; };
		9CA0EF76274EA80500BE305E /* News.app */ = {isa = PBXFileReference; explicitFileType = wrapper.application; includeInIndex = 0; path = News.app; sourceTree = BUILT_PRODUCTS_DIR; };
		9CA0EF79274EA80500BE305E /* AppDelegate.swift */ = {isa = PBXFileReference; lastKnownFileType = sourcecode.swift; path = AppDelegate.swift; sourceTree = "<group>"; };
		9CA0EF7B274EA80500BE305E /* SceneDelegate.swift */ = {isa = PBXFileReference; lastKnownFileType = sourcecode.swift; path = SceneDelegate.swift; sourceTree = "<group>"; };
		9CA0EF7D274EA80500BE305E /* MainViewController.swift */ = {isa = PBXFileReference; lastKnownFileType = sourcecode.swift; path = MainViewController.swift; sourceTree = "<group>"; };
		9CA0EF82274EA80700BE305E /* Assets.xcassets */ = {isa = PBXFileReference; lastKnownFileType = folder.assetcatalog; path = Assets.xcassets; sourceTree = "<group>"; };
		9CA0EF85274EA80700BE305E /* Base */ = {isa = PBXFileReference; lastKnownFileType = file.storyboard; name = Base; path = Base.lproj/LaunchScreen.storyboard; sourceTree = "<group>"; };
		9CA0EF87274EA80700BE305E /* Info.plist */ = {isa = PBXFileReference; lastKnownFileType = text.plist.xml; path = Info.plist; sourceTree = "<group>"; };
/* End PBXFileReference section */

/* Begin PBXFrameworksBuildPhase section */
		9CA0EF73274EA80500BE305E /* Frameworks */ = {
			isa = PBXFrameworksBuildPhase;
			buildActionMask = 2147483647;
			files = (
			);
			runOnlyForDeploymentPostprocessing = 0;
		};
/* End PBXFrameworksBuildPhase section */

/* Begin PBXGroup section */
		9C368CB9275011CE009439E6 /* Views */ = {
			isa = PBXGroup;
			children = (
				9C368CB7275011C4009439E6 /* ArticleCell.swift */,
				9C368CBF275403E7009439E6 /* ArticleImageView.swift */,
			);
			path = Views;
			sourceTree = "<group>";
		};
		9C368CBC27539E7F009439E6 /* Services */ = {
			isa = PBXGroup;
			children = (
				9C368CBD27539EAA009439E6 /* NetworkManager.swift */,
			);
			path = Services;
			sourceTree = "<group>";
		};
		9CA0EF6D274EA80500BE305E = {
			isa = PBXGroup;
			children = (
				9CA0EF78274EA80500BE305E /* News */,
				9CA0EF77274EA80500BE305E /* Products */,
			);
			sourceTree = "<group>";
		};
		9CA0EF77274EA80500BE305E /* Products */ = {
			isa = PBXGroup;
			children = (
				9CA0EF76274EA80500BE305E /* News.app */,
			);
			name = Products;
			sourceTree = "<group>";
		};
		9CA0EF78274EA80500BE305E /* News */ = {
			isa = PBXGroup;
			children = (
				9C368CB9275011CE009439E6 /* Views */,
				9CA0EF8E274EAD3800BE305E /* ViewControllers */,
				9CA0EF90274EAD7100BE305E /* Storyboards */,
				9CA0EF91274EAD8E00BE305E /* Models */,
				9C368CBC27539E7F009439E6 /* Services */,
				9CA0EF8F274EAD4A00BE305E /* Resourses */,
				9CA0EF8D274EACE200BE305E /* App */,
			);
			path = News;
			sourceTree = "<group>";
		};
		9CA0EF8D274EACE200BE305E /* App */ = {
			isa = PBXGroup;
			children = (
				9CA0EF79274EA80500BE305E /* AppDelegate.swift */,
				9CA0EF7B274EA80500BE305E /* SceneDelegate.swift */,
				9CA0EF87274EA80700BE305E /* Info.plist */,
			);
			path = App;
			sourceTree = "<group>";
		};
		9CA0EF8E274EAD3800BE305E /* ViewControllers */ = {
			isa = PBXGroup;
			children = (
				9CA0EF7D274EA80500BE305E /* MainViewController.swift */,
			);
			path = ViewControllers;
			sourceTree = "<group>";
		};
		9CA0EF8F274EAD4A00BE305E /* Resourses */ = {
			isa = PBXGroup;
			children = (
				9CA0EF82274EA80700BE305E /* Assets.xcassets */,
			);
			path = Resourses;
			sourceTree = "<group>";
		};
		9CA0EF90274EAD7100BE305E /* Storyboards */ = {
			isa = PBXGroup;
			children = (
				9CA0EF84274EA80700BE305E /* LaunchScreen.storyboard */,
			);
			path = Storyboards;
			sourceTree = "<group>";
		};
		9CA0EF91274EAD8E00BE305E /* Models */ = {
			isa = PBXGroup;
			children = (
				9C368CBA27539DE6009439E6 /* Article.swift */,
			);
			path = Models;
			sourceTree = "<group>";
		};
/* End PBXGroup section */

/* Begin PBXNativeTarget section */
		9CA0EF75274EA80500BE305E /* News */ = {
			isa = PBXNativeTarget;
			buildConfigurationList = 9CA0EF8A274EA80700BE305E /* Build configuration list for PBXNativeTarget "News" */;
			buildPhases = (
				9CA0EF72274EA80500BE305E /* Sources */,
				9CA0EF73274EA80500BE305E /* Frameworks */,
				9CA0EF74274EA80500BE305E /* Resources */,
			);
			buildRules = (
			);
			dependencies = (
			);
			name = News;
			productName = News;
			productReference = 9CA0EF76274EA80500BE305E /* News.app */;
			productType = "com.apple.product-type.application";
		};
/* End PBXNativeTarget section */

/* Begin PBXProject section */
		9CA0EF6E274EA80500BE305E /* Project object */ = {
			isa = PBXProject;
			attributes = {
				BuildIndependentTargetsInParallel = 1;
				LastSwiftUpdateCheck = 1300;
				LastUpgradeCheck = 1300;
				TargetAttributes = {
					9CA0EF75274EA80500BE305E = {
						CreatedOnToolsVersion = 13.0;
					};
				};
			};
			buildConfigurationList = 9CA0EF71274EA80500BE305E /* Build configuration list for PBXProject "News" */;
			compatibilityVersion = "Xcode 13.0";
			developmentRegion = en;
			hasScannedForEncodings = 0;
			knownRegions = (
				en,
				Base,
			);
			mainGroup = 9CA0EF6D274EA80500BE305E;
			productRefGroup = 9CA0EF77274EA80500BE305E /* Products */;
			projectDirPath = "";
			projectRoot = "";
			targets = (
				9CA0EF75274EA80500BE305E /* News */,
			);
		};
/* End PBXProject section */

/* Begin PBXResourcesBuildPhase section */
		9CA0EF74274EA80500BE305E /* Resources */ = {
			isa = PBXResourcesBuildPhase;
			buildActionMask = 2147483647;
			files = (
				9CA0EF86274EA80700BE305E /* LaunchScreen.storyboard in Resources */,
				9CA0EF83274EA80700BE305E /* Assets.xcassets in Resources */,
			);
			runOnlyForDeploymentPostprocessing = 0;
		};
/* End PBXResourcesBuildPhase section */

/* Begin PBXSourcesBuildPhase section */
		9CA0EF72274EA80500BE305E /* Sources */ = {
			isa = PBXSourcesBuildPhase;
			buildActionMask = 2147483647;
			files = (
				9C368CC0275403E7009439E6 /* ArticleImageView.swift in Sources */,
				9C368CBB27539DE6009439E6 /* Article.swift in Sources */,
				9CA0EF7E274EA80500BE305E /* MainViewController.swift in Sources */,
				9C368CBE27539EAA009439E6 /* NetworkManager.swift in Sources */,
				9CA0EF7A274EA80500BE305E /* AppDelegate.swift in Sources */,
				9CA0EF7C274EA80500BE305E /* SceneDelegate.swift in Sources */,
				9C368CB8275011C4009439E6 /* ArticleCell.swift in Sources */,
			);
			runOnlyForDeploymentPostprocessing = 0;
		};
/* End PBXSourcesBuildPhase section */

/* Begin PBXVariantGroup section */
		9CA0EF84274EA80700BE305E /* LaunchScreen.storyboard */ = {
			isa = PBXVariantGroup;
			children = (
				9CA0EF85274EA80700BE305E /* Base */,
			);
			name = LaunchScreen.storyboard;
			sourceTree = "<group>";
		};
/* End PBXVariantGroup section */

/* Begin XCBuildConfiguration section */
		9CA0EF88274EA80700BE305E /* Debug */ = {
			isa = XCBuildConfiguration;
			buildSettings = {
				ALWAYS_SEARCH_USER_PATHS = NO;
				CLANG_ANALYZER_NONNULL = YES;
				CLANG_ANALYZER_NUMBER_OBJECT_CONVERSION = YES_AGGRESSIVE;
				CLANG_CXX_LANGUAGE_STANDARD = "gnu++17";
				CLANG_CXX_LIBRARY = "libc++";
				CLANG_ENABLE_MODULES = YES;
				CLANG_ENABLE_OBJC_ARC = YES;
				CLANG_ENABLE_OBJC_WEAK = YES;
				CLANG_WARN_BLOCK_CAPTURE_AUTORELEASING = YES;
				CLANG_WARN_BOOL_CONVERSION = YES;
				CLANG_WARN_COMMA = YES;
				CLANG_WARN_CONSTANT_CONVERSION = YES;
				CLANG_WARN_DEPRECATED_OBJC_IMPLEMENTATIONS = YES;
				CLANG_WARN_DIRECT_OBJC_ISA_USAGE = YES_ERROR;
				CLANG_WARN_DOCUMENTATION_COMMENTS = YES;
				CLANG_WARN_EMPTY_BODY = YES;
				CLANG_WARN_ENUM_CONVERSION = YES;
				CLANG_WARN_INFINITE_RECURSION = YES;
				CLANG_WARN_INT_CONVERSION = YES;
				CLANG_WARN_NON_LITERAL_NULL_CONVERSION = YES;
				CLANG_WARN_OBJC_IMPLICIT_RETAIN_SELF = YES;
				CLANG_WARN_OBJC_LITERAL_CONVERSION = YES;
				CLANG_WARN_OBJC_ROOT_CLASS = YES_ERROR;
				CLANG_WARN_QUOTED_INCLUDE_IN_FRAMEWORK_HEADER = YES;
				CLANG_WARN_RANGE_LOOP_ANALYSIS = YES;
				CLANG_WARN_STRICT_PROTOTYPES = YES;
				CLANG_WARN_SUSPICIOUS_MOVE = YES;
				CLANG_WARN_UNGUARDED_AVAILABILITY = YES_AGGRESSIVE;
				CLANG_WARN_UNREACHABLE_CODE = YES;
				CLANG_WARN__DUPLICATE_METHOD_MATCH = YES;
				COPY_PHASE_STRIP = NO;
				DEBUG_INFORMATION_FORMAT = dwarf;
				ENABLE_STRICT_OBJC_MSGSEND = YES;
				ENABLE_TESTABILITY = YES;
				GCC_C_LANGUAGE_STANDARD = gnu11;
				GCC_DYNAMIC_NO_PIC = NO;
				GCC_NO_COMMON_BLOCKS = YES;
				GCC_OPTIMIZATION_LEVEL = 0;
				GCC_PREPROCESSOR_DEFINITIONS = (
					"DEBUG=1",
					"$(inherited)",
				);
				GCC_WARN_64_TO_32_BIT_CONVERSION = YES;
				GCC_WARN_ABOUT_RETURN_TYPE = YES_ERROR;
				GCC_WARN_UNDECLARED_SELECTOR = YES;
				GCC_WARN_UNINITIALIZED_AUTOS = YES_AGGRESSIVE;
				GCC_WARN_UNUSED_FUNCTION = YES;
				GCC_WARN_UNUSED_VARIABLE = YES;
				IPHONEOS_DEPLOYMENT_TARGET = 15.0;
				MTL_ENABLE_DEBUG_INFO = INCLUDE_SOURCE;
				MTL_FAST_MATH = YES;
				ONLY_ACTIVE_ARCH = YES;
				SDKROOT = iphoneos;
				SWIFT_ACTIVE_COMPILATION_CONDITIONS = DEBUG;
				SWIFT_OPTIMIZATION_LEVEL = "-Onone";
			};
			name = Debug;
		};
		9CA0EF89274EA80700BE305E /* Release */ = {
			isa = XCBuildConfiguration;
			buildSettings = {
				ALWAYS_SEARCH_USER_PATHS = NO;
				CLANG_ANALYZER_NONNULL = YES;
				CLANG_ANALYZER_NUMBER_OBJECT_CONVERSION = YES_AGGRESSIVE;
				CLANG_CXX_LANGUAGE_STANDARD = "gnu++17";
				CLANG_CXX_LIBRARY = "libc++";
				CLANG_ENABLE_MODULES = YES;
				CLANG_ENABLE_OBJC_ARC = YES;
				CLANG_ENABLE_OBJC_WEAK = YES;
				CLANG_WARN_BLOCK_CAPTURE_AUTORELEASING = YES;
				CLANG_WARN_BOOL_CONVERSION = YES;
				CLANG_WARN_COMMA = YES;
				CLANG_WARN_CONSTANT_CONVERSION = YES;
				CLANG_WARN_DEPRECATED_OBJC_IMPLEMENTATIONS = YES;
				CLANG_WARN_DIRECT_OBJC_ISA_USAGE = YES_ERROR;
				CLANG_WARN_DOCUMENTATION_COMMENTS = YES;
				CLANG_WARN_EMPTY_BODY = YES;
				CLANG_WARN_ENUM_CONVERSION = YES;
				CLANG_WARN_INFINITE_RECURSION = YES;
				CLANG_WARN_INT_CONVERSION = YES;
				CLANG_WARN_NON_LITERAL_NULL_CONVERSION = YES;
				CLANG_WARN_OBJC_IMPLICIT_RETAIN_SELF = YES;
				CLANG_WARN_OBJC_LITERAL_CONVERSION = YES;
				CLANG_WARN_OBJC_ROOT_CLASS = YES_ERROR;
				CLANG_WARN_QUOTED_INCLUDE_IN_FRAMEWORK_HEADER = YES;
				CLANG_WARN_RANGE_LOOP_ANALYSIS = YES;
				CLANG_WARN_STRICT_PROTOTYPES = YES;
				CLANG_WARN_SUSPICIOUS_MOVE = YES;
				CLANG_WARN_UNGUARDED_AVAILABILITY = YES_AGGRESSIVE;
				CLANG_WARN_UNREACHABLE_CODE = YES;
				CLANG_WARN__DUPLICATE_METHOD_MATCH = YES;
				COPY_PHASE_STRIP = NO;
				DEBUG_INFORMATION_FORMAT = "dwarf-with-dsym";
				ENABLE_NS_ASSERTIONS = NO;
				ENABLE_STRICT_OBJC_MSGSEND = YES;
				GCC_C_LANGUAGE_STANDARD = gnu11;
				GCC_NO_COMMON_BLOCKS = YES;
				GCC_WARN_64_TO_32_BIT_CONVERSION = YES;
				GCC_WARN_ABOUT_RETURN_TYPE = YES_ERROR;
				GCC_WARN_UNDECLARED_SELECTOR = YES;
				GCC_WARN_UNINITIALIZED_AUTOS = YES_AGGRESSIVE;
				GCC_WARN_UNUSED_FUNCTION = YES;
				GCC_WARN_UNUSED_VARIABLE = YES;
				IPHONEOS_DEPLOYMENT_TARGET = 15.0;
				MTL_ENABLE_DEBUG_INFO = NO;
				MTL_FAST_MATH = YES;
				SDKROOT = iphoneos;
				SWIFT_COMPILATION_MODE = wholemodule;
				SWIFT_OPTIMIZATION_LEVEL = "-O";
				VALIDATE_PRODUCT = YES;
			};
			name = Release;
		};
		9CA0EF8B274EA80700BE305E /* Debug */ = {
			isa = XCBuildConfiguration;
			buildSettings = {
				ASSETCATALOG_COMPILER_APPICON_NAME = AppIcon;
				ASSETCATALOG_COMPILER_GLOBAL_ACCENT_COLOR_NAME = AccentColor;
				CODE_SIGN_STYLE = Automatic;
				CURRENT_PROJECT_VERSION = 1;
				DEVELOPMENT_TEAM = JCDM2HMWLU;
				GENERATE_INFOPLIST_FILE = YES;
				INFOPLIST_FILE = News/App/Info.plist;
				INFOPLIST_KEY_UIApplicationSupportsIndirectInputEvents = YES;
				INFOPLIST_KEY_UILaunchStoryboardName = LaunchScreen;
				INFOPLIST_KEY_UISupportedInterfaceOrientations = UIInterfaceOrientationPortrait;
				INFOPLIST_KEY_UISupportedInterfaceOrientations_iPad = "UIInterfaceOrientationPortrait UIInterfaceOrientationPortraitUpsideDown UIInterfaceOrientationLandscapeLeft UIInterfaceOrientationLandscapeRight";
				INFOPLIST_KEY_UISupportedInterfaceOrientations_iPhone = "UIInterfaceOrientationPortrait UIInterfaceOrientationLandscapeLeft UIInterfaceOrientationLandscapeRight";
				IPHONEOS_DEPLOYMENT_TARGET = 12.0;
				LD_RUNPATH_SEARCH_PATHS = (
					"$(inherited)",
					"@executable_path/Frameworks",
				);
				MARKETING_VERSION = 1.0;
				PRODUCT_BUNDLE_IDENTIFIER = com.AnatoliiMironov.News;
				PRODUCT_NAME = "$(TARGET_NAME)";
				SWIFT_EMIT_LOC_STRINGS = YES;
				SWIFT_VERSION = 5.0;
				TARGETED_DEVICE_FAMILY = "1,2";
			};
			name = Debug;
		};
		9CA0EF8C274EA80700BE305E /* Release */ = {
			isa = XCBuildConfiguration;
			buildSettings = {
				ASSETCATALOG_COMPILER_APPICON_NAME = AppIcon;
				ASSETCATALOG_COMPILER_GLOBAL_ACCENT_COLOR_NAME = AccentColor;
				CODE_SIGN_STYLE = Automatic;
				CURRENT_PROJECT_VERSION = 1;
				DEVELOPMENT_TEAM = JCDM2HMWLU;
				GENERATE_INFOPLIST_FILE = YES;
				INFOPLIST_FILE = News/App/Info.plist;
				INFOPLIST_KEY_UIApplicationSupportsIndirectInputEvents = YES;
				INFOPLIST_KEY_UILaunchStoryboardName = LaunchScreen;
				INFOPLIST_KEY_UISupportedInterfaceOrientations = UIInterfaceOrientationPortrait;
				INFOPLIST_KEY_UISupportedInterfaceOrientations_iPad = "UIInterfaceOrientationPortrait UIInterfaceOrientationPortraitUpsideDown UIInterfaceOrientationLandscapeLeft UIInterfaceOrientationLandscapeRight";
				INFOPLIST_KEY_UISupportedInterfaceOrientations_iPhone = "UIInterfaceOrientationPortrait UIInterfaceOrientationLandscapeLeft UIInterfaceOrientationLandscapeRight";
				IPHONEOS_DEPLOYMENT_TARGET = 12.0;
				LD_RUNPATH_SEARCH_PATHS = (
					"$(inherited)",
					"@executable_path/Frameworks",
				);
				MARKETING_VERSION = 1.0;
				PRODUCT_BUNDLE_IDENTIFIER = com.AnatoliiMironov.News;
				PRODUCT_NAME = "$(TARGET_NAME)";
				SWIFT_EMIT_LOC_STRINGS = YES;
				SWIFT_VERSION = 5.0;
				TARGETED_DEVICE_FAMILY = "1,2";
			};
			name = Release;
		};
/* End XCBuildConfiguration section */

/* Begin XCConfigurationList section */
		9CA0EF71274EA80500BE305E /* Build configuration list for PBXProject "News" */ = {
			isa = XCConfigurationList;
			buildConfigurations = (
				9CA0EF88274EA80700BE305E /* Debug */,
				9CA0EF89274EA80700BE305E /* Release */,
			);
			defaultConfigurationIsVisible = 0;
			defaultConfigurationName = Release;
		};
		9CA0EF8A274EA80700BE305E /* Build configuration list for PBXNativeTarget "News" */ = {
			isa = XCConfigurationList;
			buildConfigurations = (
				9CA0EF8B274EA80700BE305E /* Debug */,
				9CA0EF8C274EA80700BE305E /* Release */,
			);
			defaultConfigurationIsVisible = 0;
			defaultConfigurationName = Release;
		};
/* End XCConfigurationList section */
	};
	rootObject = 9CA0EF6E274EA80500BE305E /* Project object */;
}
